
Microsoft Visual Studio Solution File, Format Version 12.00
# Visual Studio Version 17
VisualStudioVersion = 17.5.33414.496
MinimumVisualStudioVersion = 10.0.40219.1
Project("{FAE04EC0-301F-11D3-BF4B-00C04F79EFBC}") = "MangaTranslatorHelper", "MangaTranslatorHelper\MangaTranslatorHelper.csproj", "{2536180D-BAFF-4F6C-B040-621DBC7F5F42}"
EndProject
Global
	GlobalSection(SolutionConfigurationPlatforms) = preSolution
		Debug|Any CPU = Debug|Any CPU
		Release|Any CPU = Release|Any CPU
	EndGlobalSection
	GlobalSection(ProjectConfigurationPlatforms) = postSolution
		{2536180D-BAFF-4F6C-B040-621DBC7F5F42}.Debug|Any CPU.ActiveCfg = Debug|Any CPU
		{2536180D-BAFF-4F6C-B040-621DBC7F5F42}.Debug|Any CPU.Build.0 = Debug|Any CPU
		{2536180D-BAFF-4F6C-B040-621DBC7F5F42}.Release|Any CPU.ActiveCfg = Release|Any CPU
		{2536180D-BAFF-4F6C-B040-621DBC7F5F42}.Release|Any CPU.Build.0 = Release|Any CPU
	EndGlobalSection
	GlobalSection(SolutionProperties) = preSolution
		HideSolutionNode = FALSE
	EndGlobalSection
	GlobalSection(ExtensibilityGlobals) = postSolution
		SolutionGuid = {D26A893C-7CDB-416C-B08E-B115810FDEA8}
	EndGlobalSection
EndGlobal
